
Microsoft Visual Studio Solution File, Format Version 12.00
# Visual Studio Version 17
VisualStudioVersion = 17.9.34622.214
MinimumVisualStudioVersion = 10.0.40219.1
Project("{FAE04EC0-301F-11D3-BF4B-00C04F79EFBC}") = "AspNetCoreLearn", "AspNetCoreLearn\AspNetCoreLearn.csproj", "{C16144CD-172F-4849-A4A5-7179B6AB31CF}"
EndProject
Global
	GlobalSection(SolutionConfigurationPlatforms) = preSolution
		Debug|Any CPU = Debug|Any CPU
		Release|Any CPU = Release|Any CPU
	EndGlobalSection
	GlobalSection(ProjectConfigurationPlatforms) = postSolution
		{C16144CD-172F-4849-A4A5-7179B6AB31CF}.Debug|Any CPU.ActiveCfg = Debug|Any CPU
		{C16144CD-172F-4849-A4A5-7179B6AB31CF}.Debug|Any CPU.Build.0 = Debug|Any CPU
		{C16144CD-172F-4849-A4A5-7179B6AB31CF}.Release|Any CPU.ActiveCfg = Release|Any CPU
		{C16144CD-172F-4849-A4A5-7179B6AB31CF}.Release|Any CPU.Build.0 = Release|Any CPU
	EndGlobalSection
	GlobalSection(SolutionProperties) = preSolution
		HideSolutionNode = FALSE
	EndGlobalSection
	GlobalSection(ExtensibilityGlobals) = postSolution
		SolutionGuid = {13C68FC7-79B9-460E-9428-7711F6ADAD75}
	EndGlobalSection
EndGlobal
